
Microsoft Visual Studio Solution File, Format Version 12.00
# Visual Studio Version 17
VisualStudioVersion = 17.0.31903.59
MinimumVisualStudioVersion = 10.0.40219.1
Project("{9A19103F-16F7-4668-BE54-9A1E7A4F7556}") = "MyProject.API", "MyProject.API\MyProject.API.csproj", "{4E89C152-1A1B-4EE2-A03E-7DEE0D1080D6}"
EndProject
Project("{9A19103F-16F7-4668-BE54-9A1E7A4F7556}") = "MyProject.Application", "MyProject.Application\MyProject.Application.csproj", "{10065B28-18AD-472F-AB4E-4DA9C664F9B4}"
EndProject
Project("{9A19103F-16F7-4668-BE54-9A1E7A4F7556}") = "MyProject.Domain", "MyProject.Domain\MyProject.Domain.csproj", "{6DE8C177-3FEE-46DA-8F43-53ED3500F1FB}"
EndProject
Project("{9A19103F-16F7-4668-BE54-9A1E7A4F7556}") = "MyProject.Infrastructure", "MyProject.Infrastructure\MyProject.Infrastructure.csproj", "{804DAD01-43A8-4A74-A97E-5EF80F59E4D6}"
EndProject
Global
	GlobalSection(SolutionConfigurationPlatforms) = preSolution
		Debug|Any CPU = Debug|Any CPU
		Release|Any CPU = Release|Any CPU
	EndGlobalSection
	GlobalSection(ProjectConfigurationPlatforms) = postSolution
		{4E89C152-1A1B-4EE2-A03E-7DEE0D1080D6}.Debug|Any CPU.ActiveCfg = Debug|Any CPU
		{4E89C152-1A1B-4EE2-A03E-7DEE0D1080D6}.Debug|Any CPU.Build.0 = Debug|Any CPU
		{4E89C152-1A1B-4EE2-A03E-7DEE0D1080D6}.Release|Any CPU.ActiveCfg = Release|Any CPU
		{4E89C152-1A1B-4EE2-A03E-7DEE0D1080D6}.Release|Any CPU.Build.0 = Release|Any CPU
		{10065B28-18AD-472F-AB4E-4DA9C664F9B4}.Debug|Any CPU.ActiveCfg = Debug|Any CPU
		{10065B28-18AD-472F-AB4E-4DA9C664F9B4}.Debug|Any CPU.Build.0 = Debug|Any CPU
		{10065B28-18AD-472F-AB4E-4DA9C664F9B4}.Release|Any CPU.ActiveCfg = Release|Any CPU
		{10065B28-18AD-472F-AB4E-4DA9C664F9B4}.Release|Any CPU.Build.0 = Release|Any CPU
		{6DE8C177-3FEE-46DA-8F43-53ED3500F1FB}.Debug|Any CPU.ActiveCfg = Debug|Any CPU
		{6DE8C177-3FEE-46DA-8F43-53ED3500F1FB}.Debug|Any CPU.Build.0 = Debug|Any CPU
		{6DE8C177-3FEE-46DA-8F43-53ED3500F1FB}.Release|Any CPU.ActiveCfg = Release|Any CPU
		{6DE8C177-3FEE-46DA-8F43-53ED3500F1FB}.Release|Any CPU.Build.0 = Release|Any CPU
		{804DAD01-43A8-4A74-A97E-5EF80F59E4D6}.Debug|Any CPU.ActiveCfg = Debug|Any CPU
		{804DAD01-43A8-4A74-A97E-5EF80F59E4D6}.Debug|Any CPU.Build.0 = Debug|Any CPU
		{804DAD01-43A8-4A74-A97E-5EF80F59E4D6}.Release|Any CPU.ActiveCfg = Release|Any CPU
		{804DAD01-43A8-4A74-A97E-5EF80F59E4D6}.Release|Any CPU.Build.0 = Release|Any CPU
	EndGlobalSection
	GlobalSection(SolutionProperties) = preSolution
		HideSolutionNode = FALSE
	EndGlobalSection
	GlobalSection(ExtensibilityGlobals) = postSolution
		SolutionGuid = {5B3268BD-A6DA-4135-8288-0642AC89BED1}
	EndGlobalSection
EndGlobal
